dependencies:
- name: django-app
  repository: oci://ghcr.io/toggle-corp/charts
  version: 0.1.1-2beta
- name: qdrant
  repository: https://qdrant.github.io/qdrant-helm
  version: 1.12.2
digest: sha256:5292d0436a0484668a4fb9af61097db577b3d7a4c5d6a5cd1e5f0bcca2e61da6
generated: "2025-04-29T19:11:56.941631506+05:45"
