dependencies:
- name: qdrant
  repository: https://qdrant.github.io/qdrant-helm
  version: 1.12.2
- name: django-app
  repository: oci://ghcr.io/toggle-corp/charts
  version: 0.1.1
digest: sha256:dced24a0e6978f629a33eaf57fbcba99d1b902160b6bb3f626bb8da2c272b5ca
generated: "2025-05-06T15:56:53.669786475+05:45"
